// !$*UTF8*$!
{
	archiveVersion = 1;
	classes = {
	};
	objectVersion = 48;
	objects = {

/* Begin PBXBuildFile section */
		BF475E79204415B5000E5A22 /* AppDelegate.swift in Sources */ = {isa = PBXBuildFile; fileRef = BF475E78204415B5000E5A22 /* AppDelegate.swift */; };
		BF475E7B204415B5000E5A22 /* ViewController.swift in Sources */ = {isa = PBXBuildFile; fileRef = BF475E7A204415B5000E5A22 /* ViewController.swift */; };
		BF475E7E204415B5000E5A22 /* Main.storyboard in Resources */ = {isa = PBXBuildFile; fileRef = BF475E7C204415B5000E5A22 /* Main.storyboard */; };
		BF475E80204415B5000E5A22 /* Assets.xcassets in Resources */ = {isa = PBXBuildFile; fileRef = BF475E7F204415B5000E5A22 /* Assets.xcassets */; };
		BF475E83204415B5000E5A22 /* LaunchScreen.storyboard in Resources */ = {isa = PBXBuildFile; fileRef = BF475E81204415B5000E5A22 /* LaunchScreen.storyboard */; };
		BF475E8E204415B5000E5A22 /* SlideshowAppTests.swift in Sources */ = {isa = PBXBuildFile; fileRef = BF475E8D204415B5000E5A22 /* SlideshowAppTests.swift */; };
		BF475E99204415B5000E5A22 /* SlideshowAppUITests.swift in Sources */ = {isa = PBXBuildFile; fileRef = BF475E98204415B5000E5A22 /* SlideshowAppUITests.swift */; };
		BF475EAF20466E3F000E5A22 /* resultViewController.swift in Sources */ = {isa = PBXBuildFile; fileRef = BF475EAE20466E3F000E5A22 /* resultViewController.swift */; };
		BF475ECF2046EEF8000E5A22 /* IMG_9364.JPG in Resources */ = {isa = PBXBuildFile; fileRef = BF475ECE2046EEF8000E5A22 /* IMG_9364.JPG */; };
		BF475ED12046EF07000E5A22 /* IMG_9365.JPG in Resources */ = {isa = PBXBuildFile; fileRef = BF475ED02046EF06000E5A22 /* IMG_9365.JPG */; };
		BF475ED32046EF0F000E5A22 /* IMG_9366.JPG in Resources */ = {isa = PBXBuildFile; fileRef = BF475ED22046EF0F000E5A22 /* IMG_9366.JPG */; };
		BF475ED52046EF19000E5A22 /* IMG_9367.JPG in Resources */ = {isa = PBXBuildFile; fileRef = BF475ED42046EF19000E5A22 /* IMG_9367.JPG */; };
/* End PBXBuildFile section */

/* Begin PBXContainerItemProxy section */
		BF475E8A204415B5000E5A22 /* PBXContainerItemProxy */ = {
			isa = PBXContainerItemProxy;
			containerPortal = BF475E6D204415B5000E5A22 /* Project object */;
			proxyType = 1;
			remoteGlobalIDString = BF475E74204415B5000E5A22;
			remoteInfo = SlideshowApp;
		};
		BF475E95204415B5000E5A22 /* PBXContainerItemProxy */ = {
			isa = PBXContainerItemProxy;
			containerPortal = BF475E6D204415B5000E5A22 /* Project object */;
			proxyType = 1;
			remoteGlobalIDString = BF475E74204415B5000E5A22;
			remoteInfo = SlideshowApp;
		};
/* End PBXContainerItemProxy section */

/* Begin PBXFileReference section */
		BF475E75204415B5000E5A22 /* SlideshowApp.app */ = {isa = PBXFileReference; explicitFileType = wrapper.application; includeInIndex = 0; path = SlideshowApp.app; sourceTree = BUILT_PRODUCTS_DIR; };
		BF475E78204415B5000E5A22 /* AppDelegate.swift */ = {isa = PBXFileReference; lastKnownFileType = sourcecode.swift; path = AppDelegate.swift; sourceTree = "<group>"; };
		BF475E7A204415B5000E5A22 /* ViewController.swift */ = {isa = PBXFileReference; lastKnownFileType = sourcecode.swift; path = ViewController.swift; sourceTree = "<group>"; };
		BF475E7D204415B5000E5A22 /* Base */ = {isa = PBXFileReference; lastKnownFileType = file.storyboard; name = Base; path = Base.lproj/Main.storyboard; sourceTree = "<group>"; };
		BF475E7F204415B5000E5A22 /* Assets.xcassets */ = {isa = PBXFileReference; lastKnownFileType = folder.assetcatalog; path = Assets.xcassets; sourceTree = "<group>"; };
		BF475E82204415B5000E5A22 /* Base */ = {isa = PBXFileReference; lastKnownFileType = file.storyboard; name = Base; path = Base.lproj/LaunchScreen.storyboard; sourceTree = "<group>"; };
		BF475E84204415B5000E5A22 /* Info.plist */ = {isa = PBXFileReference; lastKnownFileType = text.plist.xml; path = Info.plist; sourceTree = "<group>"; };
		BF475E89204415B5000E5A22 /* SlideshowAppTests.xctest */ = {isa = PBXFileReference; explicitFileType = wrapper.cfbundle; includeInIndex = 0; path = SlideshowAppTests.xctest; sourceTree = BUILT_PRODUCTS_DIR; };
		BF475E8D204415B5000E5A22 /* SlideshowAppTests.swift */ = {isa = PBXFileReference; lastKnownFileType = sourcecode.swift; path = SlideshowAppTests.swift; sourceTree = "<group>"; };
		BF475E8F204415B5000E5A22 /* Info.plist */ = {isa = PBXFileReference; lastKnownFileType = text.plist.xml; path = Info.plist; sourceTree = "<group>"; };
		BF475E94204415B5000E5A22 /* SlideshowAppUITests.xctest */ = {isa = PBXFileReference; explicitFileType = wrapper.cfbundle; includeInIndex = 0; path = SlideshowAppUITests.xctest; sourceTree = BUILT_PRODUCTS_DIR; };
		BF475E98204415B5000E5A22 /* SlideshowAppUITests.swift */ = {isa = PBXFileReference; lastKnownFileType = sourcecode.swift; path = SlideshowAppUITests.swift; sourceTree = "<group>"; };
		BF475E9A204415B5000E5A22 /* Info.plist */ = {isa = PBXFileReference; lastKnownFileType = text.plist.xml; path = Info.plist; sourceTree = "<group>"; };
		BF475EAE20466E3F000E5A22 /* resultViewController.swift */ = {isa = PBXFileReference; lastKnownFileType = sourcecode.swift; path = resultViewController.swift; sourceTree = "<group>"; };
		BF475ECE2046EEF8000E5A22 /* IMG_9364.JPG */ = {isa = PBXFileReference; lastKnownFileType = image.jpeg; path = IMG_9364.JPG; sourceTree = "<group>"; };
		BF475ED02046EF06000E5A22 /* IMG_9365.JPG */ = {isa = PBXFileReference; lastKnownFileType = image.jpeg; path = IMG_9365.JPG; sourceTree = "<group>"; };
		BF475ED22046EF0F000E5A22 /* IMG_9366.JPG */ = {isa = PBXFileReference; lastKnownFileType = image.jpeg; path = IMG_9366.JPG; sourceTree = "<group>"; };
		BF475ED42046EF19000E5A22 /* IMG_9367.JPG */ = {isa = PBXFileReference; lastKnownFileType = image.jpeg; path = IMG_9367.JPG; sourceTree = "<group>"; };
/* End PBXFileReference section */

/* Begin PBXFrameworksBuildPhase section */
		BF475E72204415B5000E5A22 /* Frameworks */ = {
			isa = PBXFrameworksBuildPhase;
			buildActionMask = 2147483647;
			files = (
			);
			runOnlyForDeploymentPostprocessing = 0;
		};
		BF475E86204415B5000E5A22 /* Frameworks */ = {
			isa = PBXFrameworksBuildPhase;
			buildActionMask = 2147483647;
			files = (
			);
			runOnlyForDeploymentPostprocessing = 0;
		};
		BF475E91204415B5000E5A22 /* Frameworks */ = {
			isa = PBXFrameworksBuildPhase;
			buildActionMask = 2147483647;
			files = (
			);
			runOnlyForDeploymentPostprocessing = 0;
		};
/* End PBXFrameworksBuildPhase section */

/* Begin PBXGroup section */
		BF475E6C204415B5000E5A22 = {
			isa = PBXGroup;
			children = (
				BF475E77204415B5000E5A22 /* SlideshowApp */,
				BF475E8C204415B5000E5A22 /* SlideshowAppTests */,
				BF475E97204415B5000E5A22 /* SlideshowAppUITests */,
				BF475E76204415B5000E5A22 /* Products */,
			);
			sourceTree = "<group>";
		};
		BF475E76204415B5000E5A22 /* Products */ = {
			isa = PBXGroup;
			children = (
				BF475E75204415B5000E5A22 /* SlideshowApp.app */,
				BF475E89204415B5000E5A22 /* SlideshowAppTests.xctest */,
				BF475E94204415B5000E5A22 /* SlideshowAppUITests.xctest */,
			);
			name = Products;
			sourceTree = "<group>";
		};
		BF475E77204415B5000E5A22 /* SlideshowApp */ = {
			isa = PBXGroup;
			children = (
				BF475ECE2046EEF8000E5A22 /* IMG_9364.JPG */,
				BF475ED02046EF06000E5A22 /* IMG_9365.JPG */,
				BF475ED22046EF0F000E5A22 /* IMG_9366.JPG */,
				BF475ED42046EF19000E5A22 /* IMG_9367.JPG */,
				BF475E78204415B5000E5A22 /* AppDelegate.swift */,
				BF475E7A204415B5000E5A22 /* ViewController.swift */,
				BF475EAE20466E3F000E5A22 /* resultViewController.swift */,
				BF475E7C204415B5000E5A22 /* Main.storyboard */,
				BF475E7F204415B5000E5A22 /* Assets.xcassets */,
				BF475E81204415B5000E5A22 /* LaunchScreen.storyboard */,
				BF475E84204415B5000E5A22 /* Info.plist */,
			);
			path = SlideshowApp;
			sourceTree = "<group>";
		};
		BF475E8C204415B5000E5A22 /* SlideshowAppTests */ = {
			isa = PBXGroup;
			children = (
				BF475E8D204415B5000E5A22 /* SlideshowAppTests.swift */,
				BF475E8F204415B5000E5A22 /* Info.plist */,
			);
			path = SlideshowAppTests;
			sourceTree = "<group>";
		};
		BF475E97204415B5000E5A22 /* SlideshowAppUITests */ = {
			isa = PBXGroup;
			children = (
				BF475E98204415B5000E5A22 /* SlideshowAppUITests.swift */,
				BF475E9A204415B5000E5A22 /* Info.plist */,
			);
			path = SlideshowAppUITests;
			sourceTree = "<group>";
		};
/* End PBXGroup section */

/* Begin PBXNativeTarget section */
		BF475E74204415B5000E5A22 /* SlideshowApp */ = {
			isa = PBXNativeTarget;
			buildConfigurationList = BF475E9D204415B5000E5A22 /* Build configuration list for PBXNativeTarget "SlideshowApp" */;
			buildPhases = (
				BF475E71204415B5000E5A22 /* Sources */,
				BF475E72204415B5000E5A22 /* Frameworks */,
				BF475E73204415B5000E5A22 /* Resources */,
			);
			buildRules = (
			);
			dependencies = (
			);
			name = SlideshowApp;
			productName = SlideshowApp;
			productReference = BF475E75204415B5000E5A22 /* SlideshowApp.app */;
			productType = "com.apple.product-type.application";
		};
		BF475E88204415B5000E5A22 /* SlideshowAppTests */ = {
			isa = PBXNativeTarget;
			buildConfigurationList = BF475EA0204415B5000E5A22 /* Build configuration list for PBXNativeTarget "SlideshowAppTests" */;
			buildPhases = (
				BF475E85204415B5000E5A22 /* Sources */,
				BF475E86204415B5000E5A22 /* Frameworks */,
				BF475E87204415B5000E5A22 /* Resources */,
			);
			buildRules = (
			);
			dependencies = (
				BF475E8B204415B5000E5A22 /* PBXTargetDependency */,
			);
			name = SlideshowAppTests;
			productName = SlideshowAppTests;
			productReference = BF475E89204415B5000E5A22 /* SlideshowAppTests.xctest */;
			productType = "com.apple.product-type.bundle.unit-test";
		};
		BF475E93204415B5000E5A22 /* SlideshowAppUITests */ = {
			isa = PBXNativeTarget;
			buildConfigurationList = BF475EA3204415B5000E5A22 /* Build configuration list for PBXNativeTarget "SlideshowAppUITests" */;
			buildPhases = (
				BF475E90204415B5000E5A22 /* Sources */,
				BF475E91204415B5000E5A22 /* Frameworks */,
				BF475E92204415B5000E5A22 /* Resources */,
			);
			buildRules = (
			);
			dependencies = (
				BF475E96204415B5000E5A22 /* PBXTargetDependency */,
			);
			name = SlideshowAppUITests;
			productName = SlideshowAppUITests;
			productReference = BF475E94204415B5000E5A22 /* SlideshowAppUITests.xctest */;
			productType = "com.apple.product-type.bundle.ui-testing";
		};
/* End PBXNativeTarget section */

/* Begin PBXProject section */
		BF475E6D204415B5000E5A22 /* Project object */ = {
			isa = PBXProject;
			attributes = {
				LastSwiftUpdateCheck = 0920;
				LastUpgradeCheck = 0920;
				ORGANIZATIONNAME = naoki.seko;
				TargetAttributes = {
					BF475E74204415B5000E5A22 = {
						CreatedOnToolsVersion = 9.2;
						ProvisioningStyle = Automatic;
					};
					BF475E88204415B5000E5A22 = {
						CreatedOnToolsVersion = 9.2;
						ProvisioningStyle = Automatic;
						TestTargetID = BF475E74204415B5000E5A22;
					};
					BF475E93204415B5000E5A22 = {
						CreatedOnToolsVersion = 9.2;
						ProvisioningStyle = Automatic;
						TestTargetID = BF475E74204415B5000E5A22;
					};
				};
			};
			buildConfigurationList = BF475E70204415B5000E5A22 /* Build configuration list for PBXProject "SlideshowApp" */;
			compatibilityVersion = "Xcode 8.0";
			developmentRegion = en;
			hasScannedForEncodings = 0;
			knownRegions = (
				en,
				Base,
			);
			mainGroup = BF475E6C204415B5000E5A22;
			productRefGroup = BF475E76204415B5000E5A22 /* Products */;
			projectDirPath = "";
			projectRoot = "";
			targets = (
				BF475E74204415B5000E5A22 /* SlideshowApp */,
				BF475E88204415B5000E5A22 /* SlideshowAppTests */,
				BF475E93204415B5000E5A22 /* SlideshowAppUITests */,
			);
		};
/* End PBXProject section */

/* Begin PBXResourcesBuildPhase section */
		BF475E73204415B5000E5A22 /* Resources */ = {
			isa = PBXResourcesBuildPhase;
			buildActionMask = 2147483647;
			files = (
				BF475E83204415B5000E5A22 /* LaunchScreen.storyboard in Resources */,
				BF475ED52046EF19000E5A22 /* IMG_9367.JPG in Resources */,
				BF475ED32046EF0F000E5A22 /* IMG_9366.JPG in Resources */,
				BF475ED12046EF07000E5A22 /* IMG_9365.JPG in Resources */,
				BF475ECF2046EEF8000E5A22 /* IMG_9364.JPG in Resources */,
				BF475E80204415B5000E5A22 /* Assets.xcassets in Resources */,
				BF475E7E204415B5000E5A22 /* Main.storyboard in Resources */,
			);
			runOnlyForDeploymentPostprocessing = 0;
		};
		BF475E87204415B5000E5A22 /* Resources */ = {
			isa = PBXResourcesBuildPhase;
			buildActionMask = 2147483647;
			files = (
			);
			runOnlyForDeploymentPostprocessing = 0;
		};
		BF475E92204415B5000E5A22 /* Resources */ = {
			isa = PBXResourcesBuildPhase;
			buildActionMask = 2147483647;
			files = (
			);
			runOnlyForDeploymentPostprocessing = 0;
		};
/* End PBXResourcesBuildPhase section */

/* Begin PBXSourcesBuildPhase section */
		BF475E71204415B5000E5A22 /* Sources */ = {
			isa = PBXSourcesBuildPhase;
			buildActionMask = 2147483647;
			files = (
				BF475EAF20466E3F000E5A22 /* resultViewController.swift in Sources */,
				BF475E7B204415B5000E5A22 /* ViewController.swift in Sources */,
				BF475E79204415B5000E5A22 /* AppDelegate.swift in Sources */,
			);
			runOnlyForDeploymentPostprocessing = 0;
		};
		BF475E85204415B5000E5A22 /* Sources */ = {
			isa = PBXSourcesBuildPhase;
			buildActionMask = 2147483647;
			files = (
				BF475E8E204415B5000E5A22 /* SlideshowAppTests.swift in Sources */,
			);
			runOnlyForDeploymentPostprocessing = 0;
		};
		BF475E90204415B5000E5A22 /* Sources */ = {
			isa = PBXSourcesBuildPhase;
			buildActionMask = 2147483647;
			files = (
				BF475E99204415B5000E5A22 /* SlideshowAppUITests.swift in Sources */,
			);
			runOnlyForDeploymentPostprocessing = 0;
		};
/* End PBXSourcesBuildPhase section */

/* Begin PBXTargetDependency section */
		BF475E8B204415B5000E5A22 /* PBXTargetDependency */ = {
			isa = PBXTargetDependency;
			target = BF475E74204415B5000E5A22 /* SlideshowApp */;
			targetProxy = BF475E8A204415B5000E5A22 /* PBXContainerItemProxy */;
		};
		BF475E96204415B5000E5A22 /* PBXTargetDependency */ = {
			isa = PBXTargetDependency;
			target = BF475E74204415B5000E5A22 /* SlideshowApp */;
			targetProxy = BF475E95204415B5000E5A22 /* PBXContainerItemProxy */;
		};
/* End PBXTargetDependency section */

/* Begin PBXVariantGroup section */
		BF475E7C204415B5000E5A22 /* Main.storyboard */ = {
			isa = PBXVariantGroup;
			children = (
				BF475E7D204415B5000E5A22 /* Base */,
			);
			name = Main.storyboard;
			sourceTree = "<group>";
		};
		BF475E81204415B5000E5A22 /* LaunchScreen.storyboard */ = {
			isa = PBXVariantGroup;
			children = (
				BF475E82204415B5000E5A22 /* Base */,
			);
			name = LaunchScreen.storyboard;
			sourceTree = "<group>";
		};
/* End PBXVariantGroup section */

/* Begin XCBuildConfiguration section */
		BF475E9B204415B5000E5A22 /* Debug */ = {
			isa = XCBuildConfiguration;
			buildSettings = {
				ALWAYS_SEARCH_USER_PATHS = NO;
				CLANG_ANALYZER_NONNULL = YES;
				CLANG_ANALYZER_NUMBER_OBJECT_CONVERSION = YES_AGGRESSIVE;
				CLANG_CXX_LANGUAGE_STANDARD = "gnu++14";
				CLANG_CXX_LIBRARY = "libc++";
				CLANG_ENABLE_MODULES = YES;
				CLANG_ENABLE_OBJC_ARC = YES;
				CLANG_WARN_BLOCK_CAPTURE_AUTORELEASING = YES;
				CLANG_WARN_BOOL_CONVERSION = YES;
				CLANG_WARN_COMMA = YES;
				CLANG_WARN_CONSTANT_CONVERSION = YES;
				CLANG_WARN_DIRECT_OBJC_ISA_USAGE = YES_ERROR;
				CLANG_WARN_DOCUMENTATION_COMMENTS = YES;
				CLANG_WARN_EMPTY_BODY = YES;
				CLANG_WARN_ENUM_CONVERSION = YES;
				CLANG_WARN_INFINITE_RECURSION = YES;
				CLANG_WARN_INT_CONVERSION = YES;
				CLANG_WARN_NON_LITERAL_NULL_CONVERSION = YES;
				CLANG_WARN_OBJC_LITERAL_CONVERSION = YES;
				CLANG_WARN_OBJC_ROOT_CLASS = YES_ERROR;
				CLANG_WARN_RANGE_LOOP_ANALYSIS = YES;
				CLANG_WARN_STRICT_PROTOTYPES = YES;
				CLANG_WARN_SUSPICIOUS_MOVE = YES;
				CLANG_WARN_UNGUARDED_AVAILABILITY = YES_AGGRESSIVE;
				CLANG_WARN_UNREACHABLE_CODE = YES;
				CLANG_WARN__DUPLICATE_METHOD_MATCH = YES;
				CODE_SIGN_IDENTITY = "iPhone Developer";
				COPY_PHASE_STRIP = NO;
				DEBUG_INFORMATION_FORMAT = dwarf;
				ENABLE_STRICT_OBJC_MSGSEND = YES;
				ENABLE_TESTABILITY = YES;
				GCC_C_LANGUAGE_STANDARD = gnu11;
				GCC_DYNAMIC_NO_PIC = NO;
				GCC_NO_COMMON_BLOCKS = YES;
				GCC_OPTIMIZATION_LEVEL = 0;
				GCC_PREPROCESSOR_DEFINITIONS = (
					"DEBUG=1",
					"$(inherited)",
				);
				GCC_WARN_64_TO_32_BIT_CONVERSION = YES;
				GCC_WARN_ABOUT_RETURN_TYPE = YES_ERROR;
				GCC_WARN_UNDECLARED_SELECTOR = YES;
				GCC_WARN_UNINITIALIZED_AUTOS = YES_AGGRESSIVE;
				GCC_WARN_UNUSED_FUNCTION = YES;
				GCC_WARN_UNUSED_VARIABLE = YES;
				IPHONEOS_DEPLOYMENT_TARGET = 11.2;
				MTL_ENABLE_DEBUG_INFO = YES;
				ONLY_ACTIVE_ARCH = YES;
				SDKROOT = iphoneos;
				SWIFT_ACTIVE_COMPILATION_CONDITIONS = DEBUG;
				SWIFT_OPTIMIZATION_LEVEL = "-Onone";
			};
			name = Debug;
		};
		BF475E9C204415B5000E5A22 /* Release */ = {
			isa = XCBuildConfiguration;
			buildSettings = {
				ALWAYS_SEARCH_USER_PATHS = NO;
				CLANG_ANALYZER_NONNULL = YES;
				CLANG_ANALYZER_NUMBER_OBJECT_CONVERSION = YES_AGGRESSIVE;
				CLANG_CXX_LANGUAGE_STANDARD = "gnu++14";
				CLANG_CXX_LIBRARY = "libc++";
				CLANG_ENABLE_MODULES = YES;
				CLANG_ENABLE_OBJC_ARC = YES;
				CLANG_WARN_BLOCK_CAPTURE_AUTORELEASING = YES;
				CLANG_WARN_BOOL_CONVERSION = YES;
				CLANG_WARN_COMMA = YES;
				CLANG_WARN_CONSTANT_CONVERSION = YES;
				CLANG_WARN_DIRECT_OBJC_ISA_USAGE = YES_ERROR;
				CLANG_WARN_DOCUMENTATION_COMMENTS = YES;
				CLANG_WARN_EMPTY_BODY = YES;
				CLANG_WARN_ENUM_CONVERSION = YES;
				CLANG_WARN_INFINITE_RECURSION = YES;
				CLANG_WARN_INT_CONVERSION = YES;
				CLANG_WARN_NON_LITERAL_NULL_CONVERSION = YES;
				CLANG_WARN_OBJC_LITERAL_CONVERSION = YES;
				CLANG_WARN_OBJC_ROOT_CLASS = YES_ERROR;
				CLANG_WARN_RANGE_LOOP_ANALYSIS = YES;
				CLANG_WARN_STRICT_PROTOTYPES = YES;
				CLANG_WARN_SUSPICIOUS_MOVE = YES;
				CLANG_WARN_UNGUARDED_AVAILABILITY = YES_AGGRESSIVE;
				CLANG_WARN_UNREACHABLE_CODE = YES;
				CLANG_WARN__DUPLICATE_METHOD_MATCH = YES;
				CODE_SIGN_IDENTITY = "iPhone Developer";
				COPY_PHASE_STRIP = NO;
				DEBUG_INFORMATION_FORMAT = "dwarf-with-dsym";
				ENABLE_NS_ASSERTIONS = NO;
				ENABLE_STRICT_OBJC_MSGSEND = YES;
				GCC_C_LANGUAGE_STANDARD = gnu11;
				GCC_NO_COMMON_BLOCKS = YES;
				GCC_WARN_64_TO_32_BIT_CONVERSION = YES;
				GCC_WARN_ABOUT_RETURN_TYPE = YES_ERROR;
				GCC_WARN_UNDECLARED_SELECTOR = YES;
				GCC_WARN_UNINITIALIZED_AUTOS = YES_AGGRESSIVE;
				GCC_WARN_UNUSED_FUNCTION = YES;
				GCC_WARN_UNUSED_VARIABLE = YES;
				IPHONEOS_DEPLOYMENT_TARGET = 11.2;
				MTL_ENABLE_DEBUG_INFO = NO;
				SDKROOT = iphoneos;
				SWIFT_OPTIMIZATION_LEVEL = "-Owholemodule";
				VALIDATE_PRODUCT = YES;
			};
			name = Release;
		};
		BF475E9E204415B5000E5A22 /* Debug */ = {
			isa = XCBuildConfiguration;
			buildSettings = {
				ASSETCATALOG_COMPILER_APPICON_NAME = AppIcon;
				CODE_SIGN_STYLE = Automatic;
				INFOPLIST_FILE = SlideshowApp/Info.plist;
				LD_RUNPATH_SEARCH_PATHS = "$(inherited) @executable_path/Frameworks";
				PRODUCT_BUNDLE_IDENTIFIER = jp.techacademy.naoki.seko2.SlideshowApp;
				PRODUCT_NAME = "$(TARGET_NAME)";
				SWIFT_VERSION = 4.0;
				TARGETED_DEVICE_FAMILY = "1,2";
			};
			name = Debug;
		};
		BF475E9F204415B5000E5A22 /* Release */ = {
			isa = XCBuildConfiguration;
			buildSettings = {
				ASSETCATALOG_COMPILER_APPICON_NAME = AppIcon;
				CODE_SIGN_STYLE = Automatic;
				INFOPLIST_FILE = SlideshowApp/Info.plist;
				LD_RUNPATH_SEARCH_PATHS = "$(inherited) @executable_path/Frameworks";
				PRODUCT_BUNDLE_IDENTIFIER = jp.techacademy.naoki.seko2.SlideshowApp;
				PRODUCT_NAME = "$(TARGET_NAME)";
				SWIFT_VERSION = 4.0;
				TARGETED_DEVICE_FAMILY = "1,2";
			};
			name = Release;
		};
		BF475EA1204415B5000E5A22 /* Debug */ = {
			isa = XCBuildConfiguration;
			buildSettings = {
				ALWAYS_EMBED_SWIFT_STANDARD_LIBRARIES = YES;
				BUNDLE_LOADER = "$(TEST_HOST)";
				CODE_SIGN_STYLE = Automatic;
				INFOPLIST_FILE = SlideshowAppTests/Info.plist;
				LD_RUNPATH_SEARCH_PATHS = "$(inherited) @executable_path/Frameworks @loader_path/Frameworks";
				PRODUCT_BUNDLE_IDENTIFIER = jp.techacademy.naoki.seko2.SlideshowAppTests;
				PRODUCT_NAME = "$(TARGET_NAME)";
				SWIFT_VERSION = 4.0;
				TARGETED_DEVICE_FAMILY = "1,2";
				TEST_HOST = "$(BUILT_PRODUCTS_DIR)/SlideshowApp.app/SlideshowApp";
			};
			name = Debug;
		};
		BF475EA2204415B5000E5A22 /* Release */ = {
			isa = XCBuildConfiguration;
			buildSettings = {
				ALWAYS_EMBED_SWIFT_STANDARD_LIBRARIES = YES;
				BUNDLE_LOADER = "$(TEST_HOST)";
				CODE_SIGN_STYLE = Automatic;
				INFOPLIST_FILE = SlideshowAppTests/Info.plist;
				LD_RUNPATH_SEARCH_PATHS = "$(inherited) @executable_path/Frameworks @loader_path/Frameworks";
				PRODUCT_BUNDLE_IDENTIFIER = jp.techacademy.naoki.seko2.SlideshowAppTests;
				PRODUCT_NAME = "$(TARGET_NAME)";
				SWIFT_VERSION = 4.0;
				TARGETED_DEVICE_FAMILY = "1,2";
				TEST_HOST = "$(BUILT_PRODUCTS_DIR)/SlideshowApp.app/SlideshowApp";
			};
			name = Release;
		};
		BF475EA4204415B5000E5A22 /* Debug */ = {
			isa = XCBuildConfiguration;
			buildSettings = {
				ALWAYS_EMBED_SWIFT_STANDARD_LIBRARIES = YES;
				CODE_SIGN_STYLE = Automatic;
				INFOPLIST_FILE = SlideshowAppUITests/Info.plist;
				LD_RUNPATH_SEARCH_PATHS = "$(inherited) @executable_path/Frameworks @loader_path/Frameworks";
				PRODUCT_BUNDLE_IDENTIFIER = jp.techacademy.naoki.seko2.SlideshowAppUITests;
				PRODUCT_NAME = "$(TARGET_NAME)";
				SWIFT_VERSION = 4.0;
				TARGETED_DEVICE_FAMILY = "1,2";
				TEST_TARGET_NAME = SlideshowApp;
			};
			name = Debug;
		};
		BF475EA5204415B5000E5A22 /* Release */ = {
			isa = XCBuildConfiguration;
			buildSettings = {
				ALWAYS_EMBED_SWIFT_STANDARD_LIBRARIES = YES;
				CODE_SIGN_STYLE = Automatic;
				INFOPLIST_FILE = SlideshowAppUITests/Info.plist;
				LD_RUNPATH_SEARCH_PATHS = "$(inherited) @executable_path/Frameworks @loader_path/Frameworks";
				PRODUCT_BUNDLE_IDENTIFIER = jp.techacademy.naoki.seko2.SlideshowAppUITests;
				PRODUCT_NAME = "$(TARGET_NAME)";
				SWIFT_VERSION = 4.0;
				TARGETED_DEVICE_FAMILY = "1,2";
				TEST_TARGET_NAME = SlideshowApp;
			};
			name = Release;
		};
/* End XCBuildConfiguration section */

/* Begin XCConfigurationList section */
		BF475E70204415B5000E5A22 /* Build configuration list for PBXProject "SlideshowApp" */ = {
			isa = XCConfigurationList;
			buildConfigurations = (
				BF475E9B204415B5000E5A22 /* Debug */,
				BF475E9C204415B5000E5A22 /* Release */,
			);
			defaultConfigurationIsVisible = 0;
			defaultConfigurationName = Release;
		};
		BF475E9D204415B5000E5A22 /* Build configuration list for PBXNativeTarget "SlideshowApp" */ = {
			isa = XCConfigurationList;
			buildConfigurations = (
				BF475E9E204415B5000E5A22 /* Debug */,
				BF475E9F204415B5000E5A22 /* Release */,
			);
			defaultConfigurationIsVisible = 0;
			defaultConfigurationName = Release;
		};
		BF475EA0204415B5000E5A22 /* Build configuration list for PBXNativeTarget "SlideshowAppTests" */ = {
			isa = XCConfigurationList;
			buildConfigurations = (
				BF475EA1204415B5000E5A22 /* Debug */,
				BF475EA2204415B5000E5A22 /* Release */,
			);
			defaultConfigurationIsVisible = 0;
			defaultConfigurationName = Release;
		};
		BF475EA3204415B5000E5A22 /* Build configuration list for PBXNativeTarget "SlideshowAppUITests" */ = {
			isa = XCConfigurationList;
			buildConfigurations = (
				BF475EA4204415B5000E5A22 /* Debug */,
				BF475EA5204415B5000E5A22 /* Release */,
			);
			defaultConfigurationIsVisible = 0;
			defaultConfigurationName = Release;
		};
/* End XCConfigurationList section */
	};
	rootObject = BF475E6D204415B5000E5A22 /* Project object */;
}
